{
	"name": "store_server",
	"version": "1.0.0",
	"lockfileVersion": 1,
	"requires": true,
	"dependencies": {
		"commander": {
			"version": "3.0.2",
			"resolved": "https://registry.npm.taobao.org/commander/download/commander-3.0.2.tgz?cache=0&sync_timestamp=1570498088797&other_urls=https%3A%2F%2Fregistry.npm.taobao.org%2Fcommander%2Fdownload%2Fcommander-3.0.2.tgz",
			"integrity": "sha1-aDfD+2d62ZM9HPukLdFNURfWs54="
		},
		"mockjs": {
			"version": "1.0.1-beta3",
			"resolved": "https://registry.npm.taobao.org/mockjs/download/mockjs-1.0.1-beta3.tgz",
			"integrity": "sha1-0jTzwnJWOXVk8slVFC6JGQlTcgk=",
			"requires": {
				"commander": "*"
			}
		}
	}
}
